Microsoft Visual Studio Solution File, Format Version 12.00
# Visual Studio 2012
Project("{FAE04EC0-301F-11D3-BF4B-00C04F79EFBC}") = "projectFactory", "projectFactory.csproj", "{8460E1DC-77A2-4651-8C9B-DDB939DB0231}"
EndProject
Global
	GlobalSection(SolutionConfigurationPlatforms) = preSolution
	Debug|Any CPU = Debug|Any CPU
	ExportDebug|Any CPU = ExportDebug|Any CPU
	ExportRelease|Any CPU = ExportRelease|Any CPU
	EndGlobalSection
	GlobalSection(ProjectConfigurationPlatforms) = postSolution
		{8460E1DC-77A2-4651-8C9B-DDB939DB0231}.Debug|Any CPU.ActiveCfg = Debug|Any CPU
		{8460E1DC-77A2-4651-8C9B-DDB939DB0231}.Debug|Any CPU.Build.0 = Debug|Any CPU
		{8460E1DC-77A2-4651-8C9B-DDB939DB0231}.ExportDebug|Any CPU.ActiveCfg = ExportDebug|Any CPU
		{8460E1DC-77A2-4651-8C9B-DDB939DB0231}.ExportDebug|Any CPU.Build.0 = ExportDebug|Any CPU
		{8460E1DC-77A2-4651-8C9B-DDB939DB0231}.ExportRelease|Any CPU.ActiveCfg = ExportRelease|Any CPU
		{8460E1DC-77A2-4651-8C9B-DDB939DB0231}.ExportRelease|Any CPU.Build.0 = ExportRelease|Any CPU
	EndGlobalSection
EndGlobal
